
Microsoft Visual Studio Solution File, Format Version 12.00
# Visual Studio Version 17
VisualStudioVersion = 17.3.32929.385
MinimumVisualStudioVersion = 10.0.40219.1
Project("{9A19103F-16F7-4668-BE54-9A1E7A4F7556}") = "stage0", "stage0\stage0.csproj", "{D638453E-7DE4-4C1C-9549-FE301C0F6CE5}"
EndProject
Project("{9A19103F-16F7-4668-BE54-9A1E7A4F7556}") = "DalFacade", "DalFacade\DalFacade.csproj", "{2075FF74-2FB9-4951-90E5-AEB53101D49D}"
EndProject
Project("{9A19103F-16F7-4668-BE54-9A1E7A4F7556}") = "DalList", "DalList\DalList.csproj", "{7AF62342-6EF7-4710-99C7-C52B3519E691}"
EndProject
Project("{9A19103F-16F7-4668-BE54-9A1E7A4F7556}") = "DalTest", "DalTest\DalTest.csproj", "{F3B431FC-30C4-4AD9-BE4C-1DAC353C1068}"
EndProject
Project("{9A19103F-16F7-4668-BE54-9A1E7A4F7556}") = "BL", "BL\BL.csproj", "{28D358D8-089E-40B4-BBB6-7C2F8F8FB1C0}"
EndProject
Project("{9A19103F-16F7-4668-BE54-9A1E7A4F7556}") = "BlTest", "BlTest\BlTest.csproj", "{DC1F4FF2-455D-4061-B20F-7DDC395CF019}"
EndProject
Project("{9A19103F-16F7-4668-BE54-9A1E7A4F7556}") = "PL", "PL\PL.csproj", "{684E6827-6330-44B6-971C-BAE7780D9BE2}"
EndProject
Project("{2150E333-8FDC-42A3-9474-1A3956D46DE8}") = "xml", "xml", "{49F9CE54-BE6A-4839-9B8E-A59ED452D190}"
	ProjectSection(SolutionItems) = preProject
		XML\dal-config.xml = XML\dal-config.xml
	EndProjectSection
EndProject
Project("{2150E333-8FDC-42A3-9474-1A3956D46DE8}") = "picss", "picss", "{871A3F5B-3EEC-4041-9F18-412050B4F933}"
	ProjectSection(SolutionItems) = preProject
		PL\pics\aaaaaaaaa.png = PL\pics\aaaaaaaaa.png
		PL\pics\bbbbbb.png = PL\pics\bbbbbb.png
		PL\pics\ccccccccc.png = PL\pics\ccccccccc.png
		PL\pics\crcrcr.png = PL\pics\crcrcr.png
		PL\pics\ddddddd.png = PL\pics\ddddddd.png
		PL\pics\facebook.png = PL\pics\facebook.png
		..\picss\IMG1000.jpg = ..\picss\IMG1000.jpg
		..\picss\IMG1001.jpg = ..\picss\IMG1001.jpg
		..\picss\IMG1002.jpg = ..\picss\IMG1002.jpg
		..\picss\IMG1003.jpg = ..\picss\IMG1003.jpg
		..\picss\IMG1004.jpg = ..\picss\IMG1004.jpg
		..\picss\IMG1005.jpg = ..\picss\IMG1005.jpg
		..\picss\img1006.jpg = ..\picss\img1006.jpg
		..\picss\IMG1007.JPG = ..\picss\IMG1007.JPG
		..\picss\IMG1008.jpg = ..\picss\IMG1008.jpg
		..\picss\IMG1009.jpg = ..\picss\IMG1009.jpg
		..\picss\IMG1010.jpg = ..\picss\IMG1010.jpg
		..\picss\IMG1011.jpg = ..\picss\IMG1011.jpg
		..\picss\IMG1012.jpg = ..\picss\IMG1012.jpg
		..\picss\IMG1013.jfif = ..\picss\IMG1013.jfif
		..\picss\IMG1014.jpg = ..\picss\IMG1014.jpg
		..\picss\IMG1015.JPG = ..\picss\IMG1015.JPG
		..\picss\IMG1016.jpg = ..\picss\IMG1016.jpg
		..\picss\IMG1017.jpg = ..\picss\IMG1017.jpg
		..\picss\IMG1018.jpg = ..\picss\IMG1018.jpg
		..\picss\IMG1019.JPG = ..\picss\IMG1019.JPG
		PL\pics\inst.png = PL\pics\inst.png
		picss\noImg.jpg = picss\noImg.jpg
	EndProjectSection
EndProject
Global
	GlobalSection(SolutionConfigurationPlatforms) = preSolution
		Debug|Any CPU = Debug|Any CPU
		Release|Any CPU = Release|Any CPU
	EndGlobalSection
	GlobalSection(ProjectConfigurationPlatforms) = postSolution
		{D638453E-7DE4-4C1C-9549-FE301C0F6CE5}.Debug|Any CPU.ActiveCfg = Debug|Any CPU
		{D638453E-7DE4-4C1C-9549-FE301C0F6CE5}.Debug|Any CPU.Build.0 = Debug|Any CPU
		{D638453E-7DE4-4C1C-9549-FE301C0F6CE5}.Release|Any CPU.ActiveCfg = Release|Any CPU
		{D638453E-7DE4-4C1C-9549-FE301C0F6CE5}.Release|Any CPU.Build.0 = Release|Any CPU
		{2075FF74-2FB9-4951-90E5-AEB53101D49D}.Debug|Any CPU.ActiveCfg = Debug|Any CPU
		{2075FF74-2FB9-4951-90E5-AEB53101D49D}.Debug|Any CPU.Build.0 = Debug|Any CPU
		{2075FF74-2FB9-4951-90E5-AEB53101D49D}.Release|Any CPU.ActiveCfg = Release|Any CPU
		{2075FF74-2FB9-4951-90E5-AEB53101D49D}.Release|Any CPU.Build.0 = Release|Any CPU
		{7AF62342-6EF7-4710-99C7-C52B3519E691}.Debug|Any CPU.ActiveCfg = Debug|Any CPU
		{7AF62342-6EF7-4710-99C7-C52B3519E691}.Debug|Any CPU.Build.0 = Debug|Any CPU
		{7AF62342-6EF7-4710-99C7-C52B3519E691}.Release|Any CPU.ActiveCfg = Release|Any CPU
		{7AF62342-6EF7-4710-99C7-C52B3519E691}.Release|Any CPU.Build.0 = Release|Any CPU
		{F3B431FC-30C4-4AD9-BE4C-1DAC353C1068}.Debug|Any CPU.ActiveCfg = Debug|Any CPU
		{F3B431FC-30C4-4AD9-BE4C-1DAC353C1068}.Debug|Any CPU.Build.0 = Debug|Any CPU
		{F3B431FC-30C4-4AD9-BE4C-1DAC353C1068}.Release|Any CPU.ActiveCfg = Release|Any CPU
		{F3B431FC-30C4-4AD9-BE4C-1DAC353C1068}.Release|Any CPU.Build.0 = Release|Any CPU
		{28D358D8-089E-40B4-BBB6-7C2F8F8FB1C0}.Debug|Any CPU.ActiveCfg = Debug|Any CPU
		{28D358D8-089E-40B4-BBB6-7C2F8F8FB1C0}.Debug|Any CPU.Build.0 = Debug|Any CPU
		{28D358D8-089E-40B4-BBB6-7C2F8F8FB1C0}.Release|Any CPU.ActiveCfg = Release|Any CPU
		{28D358D8-089E-40B4-BBB6-7C2F8F8FB1C0}.Release|Any CPU.Build.0 = Release|Any CPU
		{DC1F4FF2-455D-4061-B20F-7DDC395CF019}.Debug|Any CPU.ActiveCfg = Debug|Any CPU
		{DC1F4FF2-455D-4061-B20F-7DDC395CF019}.Debug|Any CPU.Build.0 = Debug|Any CPU
		{DC1F4FF2-455D-4061-B20F-7DDC395CF019}.Release|Any CPU.ActiveCfg = Release|Any CPU
		{DC1F4FF2-455D-4061-B20F-7DDC395CF019}.Release|Any CPU.Build.0 = Release|Any CPU
		{684E6827-6330-44B6-971C-BAE7780D9BE2}.Debug|Any CPU.ActiveCfg = Debug|Any CPU
		{684E6827-6330-44B6-971C-BAE7780D9BE2}.Debug|Any CPU.Build.0 = Debug|Any CPU
		{684E6827-6330-44B6-971C-BAE7780D9BE2}.Release|Any CPU.ActiveCfg = Release|Any CPU
		{684E6827-6330-44B6-971C-BAE7780D9BE2}.Release|Any CPU.Build.0 = Release|Any CPU
	EndGlobalSection
	GlobalSection(SolutionProperties) = preSolution
		HideSolutionNode = FALSE
	EndGlobalSection
	GlobalSection(ExtensibilityGlobals) = postSolution
		SolutionGuid = {FE4C302E-BCC9-4DD7-9CFD-9F2DB1158484}
	EndGlobalSection
EndGlobal
